Microsoft Visual Studio Solution File, Format Version 12.00
# Visual Studio Version 17
VisualStudioVersion = 17.5.2.0
MinimumVisualStudioVersion = 10.0.40219.1
Project("{FAE04EC0-301F-11D3-BF4B-00C04F79EFBC}") = "OneToN", "OneToN.csproj", "{E546232D-EC2A-C902-FC79-4DD972CFD72A}"
EndProject
Global
	GlobalSection(SolutionConfigurationPlatforms) = preSolution
		Debug|Any CPU = Debug|Any CPU
		Release|Any CPU = Release|Any CPU
	EndGlobalSection
	GlobalSection(ProjectConfigurationPlatforms) = postSolution
		{E546232D-EC2A-C902-FC79-4DD972CFD72A}.Debug|Any CPU.ActiveCfg = Debug|Any CPU
		{E546232D-EC2A-C902-FC79-4DD972CFD72A}.Debug|Any CPU.Build.0 = Debug|Any CPU
		{E546232D-EC2A-C902-FC79-4DD972CFD72A}.Release|Any CPU.ActiveCfg = Release|Any CPU
		{E546232D-EC2A-C902-FC79-4DD972CFD72A}.Release|Any CPU.Build.0 = Release|Any CPU
	EndGlobalSection
	GlobalSection(SolutionProperties) = preSolution
		HideSolutionNode = FALSE
	EndGlobalSection
	GlobalSection(ExtensibilityGlobals) = postSolution
		SolutionGuid = {5F576F14-7ACB-4B23-8F4E-9D58FF644C9E}
	EndGlobalSection
EndGlobal
